
Microsoft Visual Studio Solution File, Format Version 12.00
# Visual Studio Version 17
VisualStudioVersion = 17.0.31903.59
MinimumVisualStudioVersion = 10.0.40219.1
Project("{2150E333-8FDC-42A3-9474-1A3956D46DE8}") = "src", "src", "{827E0CD3-B72D-47B6-A68D-7590B98EB39B}"
EndProject
Project("{FAE04EC0-301F-11D3-BF4B-00C04F79EFBC}") = "Simple3D.Core", "src\Simple3D.Core\Simple3D.Core.csproj", "{D3243FA8-790B-4BBF-B298-42C59679011F}"
EndProject
Project("{FAE04EC0-301F-11D3-BF4B-00C04F79EFBC}") = "Simple3D.Maui", "src\Simple3D.Maui\Simple3D.Maui.csproj", "{326CF18B-AC10-4E91-A374-6CAAE8642518}"
EndProject
Project("{2150E333-8FDC-42A3-9474-1A3956D46DE8}") = "samples", "samples", "{5D20AA90-6969-D8BD-9DCD-8634F4692FDA}"
EndProject
Project("{FAE04EC0-301F-11D3-BF4B-00C04F79EFBC}") = "Simple3D.Demo", "samples\Simple3D.Demo\Simple3D.Demo.csproj", "{21B3CCFB-CCC4-4F7B-9054-C6E4646720B2}"
EndProject
Project("{2150E333-8FDC-42A3-9474-1A3956D46DE8}") = "tests", "tests", "{0AB3BF05-4346-4AA6-1389-037BE0695223}"
EndProject
Project("{FAE04EC0-301F-11D3-BF4B-00C04F79EFBC}") = "Simple3D.Core.Tests", "tests\Simple3D.Core.Tests\Simple3D.Core.Tests.csproj", "{B4CFCA48-F135-4F9A-BC50-C7A5C1CE7B34}"
EndProject
Project("{FAE04EC0-301F-11D3-BF4B-00C04F79EFBC}") = "Simple3D.Maui.Tests", "tests\Simple3D.Maui.Tests\Simple3D.Maui.Tests.csproj", "{16430050-BE73-4D24-9156-7A11AAC8E6A9}"
EndProject
Global
	GlobalSection(SolutionConfigurationPlatforms) = preSolution
		Debug|Any CPU = Debug|Any CPU
		Debug|x64 = Debug|x64
		Debug|x86 = Debug|x86
		Release|Any CPU = Release|Any CPU
		Release|x64 = Release|x64
		Release|x86 = Release|x86
	EndGlobalSection
	GlobalSection(ProjectConfigurationPlatforms) = postSolution
		{D3243FA8-790B-4BBF-B298-42C59679011F}.Debug|Any CPU.ActiveCfg = Debug|Any CPU
		{D3243FA8-790B-4BBF-B298-42C59679011F}.Debug|Any CPU.Build.0 = Debug|Any CPU
		{D3243FA8-790B-4BBF-B298-42C59679011F}.Debug|x64.ActiveCfg = Debug|Any CPU
		{D3243FA8-790B-4BBF-B298-42C59679011F}.Debug|x64.Build.0 = Debug|Any CPU
		{D3243FA8-790B-4BBF-B298-42C59679011F}.Debug|x86.ActiveCfg = Debug|Any CPU
		{D3243FA8-790B-4BBF-B298-42C59679011F}.Debug|x86.Build.0 = Debug|Any CPU
		{D3243FA8-790B-4BBF-B298-42C59679011F}.Release|Any CPU.ActiveCfg = Release|Any CPU
		{D3243FA8-790B-4BBF-B298-42C59679011F}.Release|Any CPU.Build.0 = Release|Any CPU
		{D3243FA8-790B-4BBF-B298-42C59679011F}.Release|x64.ActiveCfg = Release|Any CPU
		{D3243FA8-790B-4BBF-B298-42C59679011F}.Release|x64.Build.0 = Release|Any CPU
		{D3243FA8-790B-4BBF-B298-42C59679011F}.Release|x86.ActiveCfg = Release|Any CPU
		{D3243FA8-790B-4BBF-B298-42C59679011F}.Release|x86.Build.0 = Release|Any CPU
		{326CF18B-AC10-4E91-A374-6CAAE8642518}.Debug|Any CPU.ActiveCfg = Debug|Any CPU
		{326CF18B-AC10-4E91-A374-6CAAE8642518}.Debug|Any CPU.Build.0 = Debug|Any CPU
		{326CF18B-AC10-4E91-A374-6CAAE8642518}.Debug|x64.ActiveCfg = Debug|Any CPU
		{326CF18B-AC10-4E91-A374-6CAAE8642518}.Debug|x64.Build.0 = Debug|Any CPU
		{326CF18B-AC10-4E91-A374-6CAAE8642518}.Debug|x86.ActiveCfg = Debug|Any CPU
		{326CF18B-AC10-4E91-A374-6CAAE8642518}.Debug|x86.Build.0 = Debug|Any CPU
		{326CF18B-AC10-4E91-A374-6CAAE8642518}.Release|Any CPU.ActiveCfg = Release|Any CPU
		{326CF18B-AC10-4E91-A374-6CAAE8642518}.Release|Any CPU.Build.0 = Release|Any CPU
		{326CF18B-AC10-4E91-A374-6CAAE8642518}.Release|x64.ActiveCfg = Release|Any CPU
		{326CF18B-AC10-4E91-A374-6CAAE8642518}.Release|x64.Build.0 = Release|Any CPU
		{326CF18B-AC10-4E91-A374-6CAAE8642518}.Release|x86.ActiveCfg = Release|Any CPU
		{326CF18B-AC10-4E91-A374-6CAAE8642518}.Release|x86.Build.0 = Release|Any CPU
		{21B3CCFB-CCC4-4F7B-9054-C6E4646720B2}.Debug|Any CPU.ActiveCfg = Debug|Any CPU
		{21B3CCFB-CCC4-4F7B-9054-C6E4646720B2}.Debug|Any CPU.Build.0 = Debug|Any CPU
		{21B3CCFB-CCC4-4F7B-9054-C6E4646720B2}.Debug|x64.ActiveCfg = Debug|Any CPU
		{21B3CCFB-CCC4-4F7B-9054-C6E4646720B2}.Debug|x64.Build.0 = Debug|Any CPU
		{21B3CCFB-CCC4-4F7B-9054-C6E4646720B2}.Debug|x86.ActiveCfg = Debug|Any CPU
		{21B3CCFB-CCC4-4F7B-9054-C6E4646720B2}.Debug|x86.Build.0 = Debug|Any CPU
		{21B3CCFB-CCC4-4F7B-9054-C6E4646720B2}.Release|Any CPU.ActiveCfg = Release|Any CPU
		{21B3CCFB-CCC4-4F7B-9054-C6E4646720B2}.Release|Any CPU.Build.0 = Release|Any CPU
		{21B3CCFB-CCC4-4F7B-9054-C6E4646720B2}.Release|x64.ActiveCfg = Release|Any CPU
		{21B3CCFB-CCC4-4F7B-9054-C6E4646720B2}.Release|x64.Build.0 = Release|Any CPU
		{21B3CCFB-CCC4-4F7B-9054-C6E4646720B2}.Release|x86.ActiveCfg = Release|Any CPU
		{21B3CCFB-CCC4-4F7B-9054-C6E4646720B2}.Release|x86.Build.0 = Release|Any CPU
		{B4CFCA48-F135-4F9A-BC50-C7A5C1CE7B34}.Debug|Any CPU.ActiveCfg = Debug|Any CPU
		{B4CFCA48-F135-4F9A-BC50-C7A5C1CE7B34}.Debug|Any CPU.Build.0 = Debug|Any CPU
		{B4CFCA48-F135-4F9A-BC50-C7A5C1CE7B34}.Debug|x64.ActiveCfg = Debug|Any CPU
		{B4CFCA48-F135-4F9A-BC50-C7A5C1CE7B34}.Debug|x64.Build.0 = Debug|Any CPU
		{B4CFCA48-F135-4F9A-BC50-C7A5C1CE7B34}.Debug|x86.ActiveCfg = Debug|Any CPU
		{B4CFCA48-F135-4F9A-BC50-C7A5C1CE7B34}.Debug|x86.Build.0 = Debug|Any CPU
		{B4CFCA48-F135-4F9A-BC50-C7A5C1CE7B34}.Release|Any CPU.ActiveCfg = Release|Any CPU
		{B4CFCA48-F135-4F9A-BC50-C7A5C1CE7B34}.Release|Any CPU.Build.0 = Release|Any CPU
		{B4CFCA48-F135-4F9A-BC50-C7A5C1CE7B34}.Release|x64.ActiveCfg = Release|Any CPU
		{B4CFCA48-F135-4F9A-BC50-C7A5C1CE7B34}.Release|x64.Build.0 = Release|Any CPU
		{B4CFCA48-F135-4F9A-BC50-C7A5C1CE7B34}.Release|x86.ActiveCfg = Release|Any CPU
		{B4CFCA48-F135-4F9A-BC50-C7A5C1CE7B34}.Release|x86.Build.0 = Release|Any CPU
		{16430050-BE73-4D24-9156-7A11AAC8E6A9}.Debug|Any CPU.ActiveCfg = Debug|Any CPU
		{16430050-BE73-4D24-9156-7A11AAC8E6A9}.Debug|Any CPU.Build.0 = Debug|Any CPU
		{16430050-BE73-4D24-9156-7A11AAC8E6A9}.Debug|x64.ActiveCfg = Debug|Any CPU
		{16430050-BE73-4D24-9156-7A11AAC8E6A9}.Debug|x64.Build.0 = Debug|Any CPU
		{16430050-BE73-4D24-9156-7A11AAC8E6A9}.Debug|x86.ActiveCfg = Debug|Any CPU
		{16430050-BE73-4D24-9156-7A11AAC8E6A9}.Debug|x86.Build.0 = Debug|Any CPU
		{16430050-BE73-4D24-9156-7A11AAC8E6A9}.Release|Any CPU.ActiveCfg = Release|Any CPU
		{16430050-BE73-4D24-9156-7A11AAC8E6A9}.Release|Any CPU.Build.0 = Release|Any CPU
		{16430050-BE73-4D24-9156-7A11AAC8E6A9}.Release|x64.ActiveCfg = Release|Any CPU
		{16430050-BE73-4D24-9156-7A11AAC8E6A9}.Release|x64.Build.0 = Release|Any CPU
		{16430050-BE73-4D24-9156-7A11AAC8E6A9}.Release|x86.ActiveCfg = Release|Any CPU
		{16430050-BE73-4D24-9156-7A11AAC8E6A9}.Release|x86.Build.0 = Release|Any CPU
	EndGlobalSection
	GlobalSection(SolutionProperties) = preSolution
		HideSolutionNode = FALSE
	EndGlobalSection
	GlobalSection(NestedProjects) = preSolution
		{D3243FA8-790B-4BBF-B298-42C59679011F} = {827E0CD3-B72D-47B6-A68D-7590B98EB39B}
		{326CF18B-AC10-4E91-A374-6CAAE8642518} = {827E0CD3-B72D-47B6-A68D-7590B98EB39B}
		{21B3CCFB-CCC4-4F7B-9054-C6E4646720B2} = {5D20AA90-6969-D8BD-9DCD-8634F4692FDA}
		{B4CFCA48-F135-4F9A-BC50-C7A5C1CE7B34} = {0AB3BF05-4346-4AA6-1389-037BE0695223}
		{16430050-BE73-4D24-9156-7A11AAC8E6A9} = {0AB3BF05-4346-4AA6-1389-037BE0695223}
	EndGlobalSection
EndGlobal
